{
  "name": "scramjet-fini",
  "version": "1.1.0",
  "lockfileVersion": 1,
  "requires": true,
  "dependencies": {
    "infinite-sequence-generator": {
      "version": "1.1.0",
      "resolved": "https://registry.npmjs.org/infinite-sequence-generator/-/infinite-sequence-generator-1.1.0.tgz",
      "integrity": "sha512-h6sCXlO5H4zsRCI2hKJscKFqhVwx77TauTX2ZetbSnImidPxFxdJyL6+e0n3/0SbNHbC3Tupq68OeD7gA9LrHA=="
    },
    "papaparse": {
      "version": "4.4.0",
      "resolved": "https://registry.npmjs.org/papaparse/-/papaparse-4.4.0.tgz",
      "integrity": "sha1-a829qAhz4Az7C9zXpFcccqmkAWg="
    },
    "scramjet": {
      "version": "4.12.3",
      "resolved": "https://registry.npmjs.org/scramjet/-/scramjet-4.12.3.tgz",
      "integrity": "sha512-9xJSrQPPb2XTEX9a8nndLw8oUijZGgULC1rV1nScKxUNF7LUsF2C1d0W8iQGhsDT3RZobQiMArRfeHWutPMs2w==",
      "requires": {
        "papaparse": "^4.3.7",
        "scramjet-core": "^4.11.1"
      }
    },
    "scramjet-core": {
      "version": "4.11.1",
      "resolved": "https://registry.npmjs.org/scramjet-core/-/scramjet-core-4.11.1.tgz",
      "integrity": "sha512-thoTrs/8hZTdcbvAAKnER2+tu0jyYlpenbQq9sBkJazOxB0JYjN2DHzHV7drMsmnqFnmNovWuaGF7RaLt+H78Q=="
    }
  }
}
