{
  "name": "scramjet-fini",
  "version": "1.2.22",
  "lockfileVersion": 1,
  "requires": true,
  "dependencies": {
    "infinite-sequence-generator": {
      "version": "1.1.0",
      "resolved": "https://registry.npmjs.org/infinite-sequence-generator/-/infinite-sequence-generator-1.1.0.tgz",
      "integrity": "sha512-h6sCXlO5H4zsRCI2hKJscKFqhVwx77TauTX2ZetbSnImidPxFxdJyL6+e0n3/0SbNHbC3Tupq68OeD7gA9LrHA=="
    },
    "papaparse": {
      "version": "4.6.3",
      "resolved": "https://registry.npmjs.org/papaparse/-/papaparse-4.6.3.tgz",
      "integrity": "sha512-LRq7BrHC2kHPBYSD50aKuw/B/dGcg29omyJbKWY3KsYUZU69RKwaBHu13jGmCYBtOc4odsLCrFyk6imfyNubJQ=="
    },
    "rereadable-stream": {
      "version": "1.2.0",
      "resolved": "https://registry.npmjs.org/rereadable-stream/-/rereadable-stream-1.2.0.tgz",
      "integrity": "sha512-Bsd7Bfumun6VEYoiyY/Oua5VKKwhGg/oyZXk2Tu02UTPBzpA6tWK0r9chPYA9bmc1sOxuNWp8+G2ASUFdEPt9w=="
    },
    "scramjet": {
      "version": "4.21.0",
      "resolved": "https://registry.npmjs.org/scramjet/-/scramjet-4.21.0.tgz",
      "integrity": "sha512-U/kYrzG8iV9kb6QDaLa5fcSbNSwJIg4vgsFnEfvrFQSVU8klQIl4VwhVqgA+qQoHpDurRqNTOY4OW0bnjlE/Ug==",
      "requires": {
        "papaparse": "^4.6.3",
        "rereadable-stream": "^1.2.0",
        "scramjet-core": "^4.18.6"
      }
    },
    "scramjet-core": {
      "version": "4.18.6",
      "resolved": "https://registry.npmjs.org/scramjet-core/-/scramjet-core-4.18.6.tgz",
      "integrity": "sha512-4fGrxE4MKckhGuxA3H0B4mFgJyRFlgV0fWSFtRFx0cRrdxJNMQJeyUXmhL6K90yHe7G/K6QbKI0NxT2novH1tw=="
    }
  }
}
