{
  "name": "scramjet-fini",
  "version": "1.2.7",
  "lockfileVersion": 1,
  "requires": true,
  "dependencies": {
    "infinite-sequence-generator": {
      "version": "1.1.0",
      "resolved": "https://registry.npmjs.org/infinite-sequence-generator/-/infinite-sequence-generator-1.1.0.tgz",
      "integrity": "sha512-h6sCXlO5H4zsRCI2hKJscKFqhVwx77TauTX2ZetbSnImidPxFxdJyL6+e0n3/0SbNHbC3Tupq68OeD7gA9LrHA=="
    },
    "papaparse": {
      "version": "4.5.0",
      "resolved": "https://registry.npmjs.org/papaparse/-/papaparse-4.5.0.tgz",
      "integrity": "sha1-+2JdOQtuXVRNsgZYzjZlACw9joA="
    },
    "rereadable-stream": {
      "version": "1.1.1",
      "resolved": "https://registry.npmjs.org/rereadable-stream/-/rereadable-stream-1.1.1.tgz",
      "integrity": "sha512-LXZCN0aEB2f/DuGwUvF7HWhLh53hx3vQMWbQzgB45SaDWjyPmcRAVG8Q2EDo4d/Y+cXSx8JOvlb4ZoPf8u8Gsg=="
    },
    "scramjet": {
      "version": "4.17.1",
      "resolved": "https://registry.npmjs.org/scramjet/-/scramjet-4.17.1.tgz",
      "integrity": "sha512-5F/rP/FCmXRm11KWrUn0d5RtD85VmBQmZzz/C+SGIKRL4AXxh/f3xMTMIxtNNJQYKqO3v1SdpPn4ZZ48kt/rFw==",
      "requires": {
        "papaparse": "^4.5.0",
        "rereadable-stream": "^1.1.1",
        "scramjet-core": "^4.15.1"
      }
    },
    "scramjet-core": {
      "version": "4.15.1",
      "resolved": "https://registry.npmjs.org/scramjet-core/-/scramjet-core-4.15.1.tgz",
      "integrity": "sha512-s/yifwrtQ2ZgIoTsf0MlbmncJr77pOGzwKIDaKgrMExoAM9UPVOZcBnbBku7miegsjuqOVbCn4+n+MzTUTXULw=="
    }
  }
}
